
Microsoft Visual Studio Solution File, Format Version 12.00
# Visual Studio 15
VisualStudioVersion = 15.0.27703.2000
MinimumVisualStudioVersion = 10.0.40219.1
Project("{FAE04EC0-301F-11D3-BF4B-00C04F79EFBC}") = "Group-Mail-merge-using-Excel", "Group-Mail-merge-using-Excel\Group-Mail-merge-using-Excel.csproj", "{CA9C066E-B845-4240-A17D-CB8B82A038E9}"
EndProject
Global
	GlobalSection(SolutionConfigurationPlatforms) = preSolution
		Debug|Any CPU = Debug|Any CPU
		Release|Any CPU = Release|Any CPU
	EndGlobalSection
	GlobalSection(ProjectConfigurationPlatforms) = postSolution
		{CA9C066E-B845-4240-A17D-CB8B82A038E9}.Debug|Any CPU.ActiveCfg = Debug|Any CPU
		{CA9C066E-B845-4240-A17D-CB8B82A038E9}.Debug|Any CPU.Build.0 = Debug|Any CPU
		{CA9C066E-B845-4240-A17D-CB8B82A038E9}.Release|Any CPU.ActiveCfg = Release|Any CPU
		{CA9C066E-B845-4240-A17D-CB8B82A038E9}.Release|Any CPU.Build.0 = Release|Any CPU
	EndGlobalSection
	GlobalSection(SolutionProperties) = preSolution
		HideSolutionNode = FALSE
	EndGlobalSection
	GlobalSection(ExtensibilityGlobals) = postSolution
		SolutionGuid = {A920224D-CDA7-4DCE-995D-ADCB17CE8C32}
	EndGlobalSection
EndGlobal
