
Microsoft Visual Studio Solution File, Format Version 12.00
# Visual Studio 15
VisualStudioVersion = 15.0.27703.2000
MinimumVisualStudioVersion = 10.0.40219.1
Project("{FAE04EC0-301F-11D3-BF4B-00C04F79EFBC}") = "Generate-multiple-Word-documents", "Generate-multiple-Word-documents\Generate-multiple-Word-documents.csproj", "{0C31B82D-7738-499A-BA4E-3B727B4D7946}"
EndProject
Global
	GlobalSection(SolutionConfigurationPlatforms) = preSolution
		Debug|Any CPU = Debug|Any CPU
		Release|Any CPU = Release|Any CPU
	EndGlobalSection
	GlobalSection(ProjectConfigurationPlatforms) = postSolution
		{0C31B82D-7738-499A-BA4E-3B727B4D7946}.Debug|Any CPU.ActiveCfg = Debug|Any CPU
		{0C31B82D-7738-499A-BA4E-3B727B4D7946}.Debug|Any CPU.Build.0 = Debug|Any CPU
		{0C31B82D-7738-499A-BA4E-3B727B4D7946}.Release|Any CPU.ActiveCfg = Release|Any CPU
		{0C31B82D-7738-499A-BA4E-3B727B4D7946}.Release|Any CPU.Build.0 = Release|Any CPU
	EndGlobalSection
	GlobalSection(SolutionProperties) = preSolution
		HideSolutionNode = FALSE
	EndGlobalSection
	GlobalSection(ExtensibilityGlobals) = postSolution
		SolutionGuid = {B48CCAC7-7EC4-4E41-9D7C-5723D23B2136}
	EndGlobalSection
EndGlobal
