
Microsoft Visual Studio Solution File, Format Version 12.00
# Visual Studio 15
VisualStudioVersion = 15.0.28307.539
MinimumVisualStudioVersion = 10.0.40219.1
Project("{FAE04EC0-301F-11D3-BF4B-00C04F79EFBC}") = "Create-Envelopes-for-mailing", "Create-Envelopes-for-mailing\Create-Envelopes-for-mailing.csproj", "{E2EA3F53-C833-470F-B9FA-973E88BD963A}"
EndProject
Global
	GlobalSection(SolutionConfigurationPlatforms) = preSolution
		Debug|Any CPU = Debug|Any CPU
		Release|Any CPU = Release|Any CPU
	EndGlobalSection
	GlobalSection(ProjectConfigurationPlatforms) = postSolution
		{E2EA3F53-C833-470F-B9FA-973E88BD963A}.Debug|Any CPU.ActiveCfg = Debug|Any CPU
		{E2EA3F53-C833-470F-B9FA-973E88BD963A}.Debug|Any CPU.Build.0 = Debug|Any CPU
		{E2EA3F53-C833-470F-B9FA-973E88BD963A}.Release|Any CPU.ActiveCfg = Release|Any CPU
		{E2EA3F53-C833-470F-B9FA-973E88BD963A}.Release|Any CPU.Build.0 = Release|Any CPU
	EndGlobalSection
	GlobalSection(SolutionProperties) = preSolution
		HideSolutionNode = FALSE
	EndGlobalSection
	GlobalSection(ExtensibilityGlobals) = postSolution
		SolutionGuid = {AEC106DA-724A-4C7B-B93C-560F32DF1F98}
	EndGlobalSection
EndGlobal
