
Microsoft Visual Studio Solution File, Format Version 12.00
# Visual Studio 15
VisualStudioVersion = 15.0.27703.2000
MinimumVisualStudioVersion = 10.0.40219.1
Project("{FAE04EC0-301F-11D3-BF4B-00C04F79EFBC}") = "Generate-order-details-of-customer", "Generate-order-details-of-customer\Generate-order-details-of-customer.csproj", "{280D7941-5A84-4E1D-BFF8-E8C57486EF16}"
EndProject
Global
	GlobalSection(SolutionConfigurationPlatforms) = preSolution
		Debug|Any CPU = Debug|Any CPU
		Release|Any CPU = Release|Any CPU
	EndGlobalSection
	GlobalSection(ProjectConfigurationPlatforms) = postSolution
		{280D7941-5A84-4E1D-BFF8-E8C57486EF16}.Debug|Any CPU.ActiveCfg = Debug|Any CPU
		{280D7941-5A84-4E1D-BFF8-E8C57486EF16}.Debug|Any CPU.Build.0 = Debug|Any CPU
		{280D7941-5A84-4E1D-BFF8-E8C57486EF16}.Release|Any CPU.ActiveCfg = Release|Any CPU
		{280D7941-5A84-4E1D-BFF8-E8C57486EF16}.Release|Any CPU.Build.0 = Release|Any CPU
	EndGlobalSection
	GlobalSection(SolutionProperties) = preSolution
		HideSolutionNode = FALSE
	EndGlobalSection
	GlobalSection(ExtensibilityGlobals) = postSolution
		SolutionGuid = {BB0AC061-F9FB-41D6-8E58-C8F9939D98FB}
	EndGlobalSection
EndGlobal
